
Microsoft Visual Studio Solution File, Format Version 12.00
# Visual Studio Version 17
VisualStudioVersion = 17.10.35013.160
MinimumVisualStudioVersion = 10.0.40219.1
Project("{9A19103F-16F7-4668-BE54-9A1E7A4F7556}") = "CreditosParametriaWAPIS", "CreditosParametriaWAPIS\CreditosParametriaWAPIS.csproj", "{9C4CFE8A-4086-492A-81E7-1CB9AF2AE07B}"
EndProject
Project("{9A19103F-16F7-4668-BE54-9A1E7A4F7556}") = "CreditosParametriaEN", "CreditosParametriaEN\CreditosParametriaEN.csproj", "{FA608429-0FE6-4938-940D-B17C3E9E019E}"
EndProject
Project("{9A19103F-16F7-4668-BE54-9A1E7A4F7556}") = "CreditosParametriaAD", "CreditosParametriaAD\CreditosParametriaAD.csproj", "{A15A5477-F56D-47CC-9F47-102D9639ED06}"
EndProject
Project("{9A19103F-16F7-4668-BE54-9A1E7A4F7556}") = "CreditosParametriaRN", "CreditosParametriaRN\CreditosParametriaRN.csproj", "{E6D775BC-91AA-454D-BD80-5428F4156DFA}"
EndProject
Project("{2150E333-8FDC-42A3-9474-1A3956D46DE8}") = "Solution Items", "Solution Items", "{F8F2B4FD-BBFA-4970-9E3F-3C40E2E4CD55}"
	ProjectSection(SolutionItems) = preProject
		.editorconfig = .editorconfig
	EndProjectSection
EndProject
Global
	GlobalSection(SolutionConfigurationPlatforms) = preSolution
		Debug|Any CPU = Debug|Any CPU
		Release|Any CPU = Release|Any CPU
	EndGlobalSection
	GlobalSection(ProjectConfigurationPlatforms) = postSolution
		{9C4CFE8A-4086-492A-81E7-1CB9AF2AE07B}.Debug|Any CPU.ActiveCfg = Debug|Any CPU
		{9C4CFE8A-4086-492A-81E7-1CB9AF2AE07B}.Debug|Any CPU.Build.0 = Debug|Any CPU
		{9C4CFE8A-4086-492A-81E7-1CB9AF2AE07B}.Release|Any CPU.ActiveCfg = Release|Any CPU
		{9C4CFE8A-4086-492A-81E7-1CB9AF2AE07B}.Release|Any CPU.Build.0 = Release|Any CPU
		{FA608429-0FE6-4938-940D-B17C3E9E019E}.Debug|Any CPU.ActiveCfg = Debug|Any CPU
		{FA608429-0FE6-4938-940D-B17C3E9E019E}.Debug|Any CPU.Build.0 = Debug|Any CPU
		{FA608429-0FE6-4938-940D-B17C3E9E019E}.Release|Any CPU.ActiveCfg = Release|Any CPU
		{FA608429-0FE6-4938-940D-B17C3E9E019E}.Release|Any CPU.Build.0 = Release|Any CPU
		{A15A5477-F56D-47CC-9F47-102D9639ED06}.Debug|Any CPU.ActiveCfg = Debug|Any CPU
		{A15A5477-F56D-47CC-9F47-102D9639ED06}.Debug|Any CPU.Build.0 = Debug|Any CPU
		{A15A5477-F56D-47CC-9F47-102D9639ED06}.Release|Any CPU.ActiveCfg = Release|Any CPU
		{A15A5477-F56D-47CC-9F47-102D9639ED06}.Release|Any CPU.Build.0 = Release|Any CPU
		{E6D775BC-91AA-454D-BD80-5428F4156DFA}.Debug|Any CPU.ActiveCfg = Debug|Any CPU
		{E6D775BC-91AA-454D-BD80-5428F4156DFA}.Debug|Any CPU.Build.0 = Debug|Any CPU
		{E6D775BC-91AA-454D-BD80-5428F4156DFA}.Release|Any CPU.ActiveCfg = Release|Any CPU
		{E6D775BC-91AA-454D-BD80-5428F4156DFA}.Release|Any CPU.Build.0 = Release|Any CPU
	EndGlobalSection
	GlobalSection(SolutionProperties) = preSolution
		HideSolutionNode = FALSE
	EndGlobalSection
	GlobalSection(ExtensibilityGlobals) = postSolution
		SolutionGuid = {1512B001-514A-4CFF-BFA7-04EA1922B6F0}
	EndGlobalSection
EndGlobal
